
Microsoft Visual Studio Solution File, Format Version 12.00
# Visual Studio 15
VisualStudioVersion = 15.0.27004.2002
MinimumVisualStudioVersion = 10.0.40219.1
Project("{FAE04EC0-301F-11D3-BF4B-00C04F79EFBC}") = "IoC_MVC", "IoC_MVC.csproj", "{1D326AA3-C179-4EBE-A813-A213BFE14EFA}"
EndProject
Project("{FAE04EC0-301F-11D3-BF4B-00C04F79EFBC}") = "IoC_MVC.Tests", "..\IoC_MVC.Tests\IoC_MVC.Tests.csproj", "{EB98C2BA-E185-4BCA-90B8-1F5E25B56F06}"
EndProject
Project("{FAE04EC0-301F-11D3-BF4B-00C04F79EFBC}") = "SimpleIoC", "..\SimpleIoC\SimpleIoC.csproj", "{394022CC-9D94-4C4F-97EF-CE3820EB0DB7}"
EndProject
Global
	GlobalSection(SolutionConfigurationPlatforms) = preSolution
		Debug|Any CPU = Debug|Any CPU
		Release|Any CPU = Release|Any CPU
	EndGlobalSection
	GlobalSection(ProjectConfigurationPlatforms) = postSolution
		{1D326AA3-C179-4EBE-A813-A213BFE14EFA}.Debug|Any CPU.ActiveCfg = Debug|Any CPU
		{1D326AA3-C179-4EBE-A813-A213BFE14EFA}.Debug|Any CPU.Build.0 = Debug|Any CPU
		{1D326AA3-C179-4EBE-A813-A213BFE14EFA}.Release|Any CPU.ActiveCfg = Release|Any CPU
		{1D326AA3-C179-4EBE-A813-A213BFE14EFA}.Release|Any CPU.Build.0 = Release|Any CPU
		{EB98C2BA-E185-4BCA-90B8-1F5E25B56F06}.Debug|Any CPU.ActiveCfg = Debug|Any CPU
		{EB98C2BA-E185-4BCA-90B8-1F5E25B56F06}.Debug|Any CPU.Build.0 = Debug|Any CPU
		{EB98C2BA-E185-4BCA-90B8-1F5E25B56F06}.Release|Any CPU.ActiveCfg = Release|Any CPU
		{EB98C2BA-E185-4BCA-90B8-1F5E25B56F06}.Release|Any CPU.Build.0 = Release|Any CPU
		{394022CC-9D94-4C4F-97EF-CE3820EB0DB7}.Debug|Any CPU.ActiveCfg = Debug|Any CPU
		{394022CC-9D94-4C4F-97EF-CE3820EB0DB7}.Debug|Any CPU.Build.0 = Debug|Any CPU
		{394022CC-9D94-4C4F-97EF-CE3820EB0DB7}.Release|Any CPU.ActiveCfg = Release|Any CPU
		{394022CC-9D94-4C4F-97EF-CE3820EB0DB7}.Release|Any CPU.Build.0 = Release|Any CPU
	EndGlobalSection
	GlobalSection(SolutionProperties) = preSolution
		HideSolutionNode = FALSE
	EndGlobalSection
	GlobalSection(ExtensibilityGlobals) = postSolution
		SolutionGuid = {E1542A22-1EA5-49BE-B9AE-8D44BE3A627E}
	EndGlobalSection
EndGlobal
